Microsoft Visual Studio Solution File, Format Version 12.00
# Visual Studio Version 17
VisualStudioVersion = 17.5.2.0
MinimumVisualStudioVersion = 10.0.40219.1
Project("{2150E333-8FDC-42A3-9474-1A3956D46DE8}") = "api", "api", "{D82C56D6-B2CD-F611-9E31-04638F7EC30E}"
EndProject
Project("{FAE04EC0-301F-11D3-BF4B-00C04F79EFBC}") = "Cel3Social.Api", "api\Cel3Social.Api\Cel3Social.Api.csproj", "{7B9C9EA9-570C-0D8E-5241-EE50363D1A6B}"
EndProject
Global
	GlobalSection(SolutionConfigurationPlatforms) = preSolution
		Debug|Any CPU = Debug|Any CPU
		Release|Any CPU = Release|Any CPU
	EndGlobalSection
	GlobalSection(ProjectConfigurationPlatforms) = postSolution
		{7B9C9EA9-570C-0D8E-5241-EE50363D1A6B}.Debug|Any CPU.ActiveCfg = Debug|Any CPU
		{7B9C9EA9-570C-0D8E-5241-EE50363D1A6B}.Debug|Any CPU.Build.0 = Debug|Any CPU
		{7B9C9EA9-570C-0D8E-5241-EE50363D1A6B}.Release|Any CPU.ActiveCfg = Release|Any CPU
		{7B9C9EA9-570C-0D8E-5241-EE50363D1A6B}.Release|Any CPU.Build.0 = Release|Any CPU
	EndGlobalSection
	GlobalSection(SolutionProperties) = preSolution
		HideSolutionNode = FALSE
	EndGlobalSection
	GlobalSection(NestedProjects) = preSolution
		{7B9C9EA9-570C-0D8E-5241-EE50363D1A6B} = {D82C56D6-B2CD-F611-9E31-04638F7EC30E}
	EndGlobalSection
	GlobalSection(ExtensibilityGlobals) = postSolution
		SolutionGuid = {C13202F4-86FB-4341-BBCB-B828EAF6C14B}
	EndGlobalSection
EndGlobal
